{
  "lockfileVersion": 1,
  "configVersion": 1,
  "workspaces": {
    "": {
      "name": "obsidian-crdt-sync-server",
      "dependencies": {
        "@hocuspocus/server": "3.4.4",
        "valibot": "1.2.0",
        "yjs": "13.6.29",
      },
      "devDependencies": {
        "@biomejs/biome": "2.4.7",
        "@hocuspocus/provider": "3.4.4",
        "@types/bun": "1.3.10",
        "husky": "9.1.7",
        "typescript": "5.9.3",
      },
    },
  },
  "packages": {
    "@biomejs/biome": ["@biomejs/biome@2.4.7", "", { "optionalDependencies": { "@biomejs/cli-darwin-arm64": "2.4.7", "@biomejs/cli-darwin-x64": "2.4.7", "@biomejs/cli-linux-arm64": "2.4.7", "@biomejs/cli-linux-arm64-musl": "2.4.7", "@biomejs/cli-linux-x64": "2.4.7", "@biomejs/cli-linux-x64-musl": "2.4.7", "@biomejs/cli-win32-arm64": "2.4.7", "@biomejs/cli-win32-x64": "2.4.7" }, "bin": { "biome": "bin/biome" } }, "sha512-vXrgcmNGZ4lpdwZSpMf1hWw1aWS6B+SyeSYKTLrNsiUsAdSRN0J4d/7mF3ogJFbIwFFSOL3wT92Zzxia/d5/ng=="],

    "@biomejs/cli-darwin-arm64": ["@biomejs/cli-darwin-arm64@2.4.7", "", { "os": "darwin", "cpu": "arm64" }, "sha512-Oo0cF5mHzmvDmTXw8XSjhCia8K6YrZnk7aCS54+/HxyMdZMruMO3nfpDsrlar/EQWe41r1qrwKiCa2QDYHDzWA=="],

    "@biomejs/cli-darwin-x64": ["@biomejs/cli-darwin-x64@2.4.7", "", { "os": "darwin", "cpu": "x64" }, "sha512-I+cOG3sd/7HdFtvDSnF9QQPrWguUH7zrkIMMykM3PtfWU9soTcS2yRb9Myq6MHmzbeCT08D1UmY+BaiMl5CcoQ=="],

    "@biomejs/cli-linux-arm64": ["@biomejs/cli-linux-arm64@2.4.7", "", { "os": "linux", "cpu": "arm64" }, "sha512-om6FugwmibzfP/6ALj5WRDVSND4H2G9X0nkI1HZpp2ySf9lW2j0X68oQSaHEnls6666oy4KDsc5RFjT4m0kV0w=="],

    "@biomejs/cli-linux-arm64-musl": ["@biomejs/cli-linux-arm64-musl@2.4.7", "", { "os": "linux", "cpu": "arm64" }, "sha512-I2NvM9KPb09jWml93O2/5WMfNR7Lee5Latag1JThDRMURVhPX74p9UDnyTw3Ae6cE1DgXfw7sqQgX7rkvpc0vw=="],

    "@biomejs/cli-linux-x64": ["@biomejs/cli-linux-x64@2.4.7", "", { "os": "linux", "cpu": "x64" }, "sha512-bV8/uo2Tj+gumnk4sUdkerWyCPRabaZdv88IpbmDWARQQoA/Q0YaqPz1a+LSEDIL7OfrnPi9Hq1Llz4ZIGyIQQ=="],

    "@biomejs/cli-linux-x64-musl": ["@biomejs/cli-linux-x64-musl@2.4.7", "", { "os": "linux", "cpu": "x64" }, "sha512-00kx4YrBMU8374zd2wHuRV5wseh0rom5HqRND+vDldJPrWwQw+mzd/d8byI9hPx926CG+vWzq6AeiT7Yi5y59g=="],

    "@biomejs/cli-win32-arm64": ["@biomejs/cli-win32-arm64@2.4.7", "", { "os": "win32", "cpu": "arm64" }, "sha512-hOUHBMlFCvDhu3WCq6vaBoG0dp0LkWxSEnEEsxxXvOa9TfT6ZBnbh72A/xBM7CBYB7WgwqboetzFEVDnMxelyw=="],

    "@biomejs/cli-win32-x64": ["@biomejs/cli-win32-x64@2.4.7", "", { "os": "win32", "cpu": "x64" }, "sha512-qEpGjSkPC3qX4ycbMUthXvi9CkRq7kZpkqMY1OyhmYlYLnANnooDQ7hDerM8+0NJ+DZKVnsIc07h30XOpt7LtQ=="],

    "@hocuspocus/common": ["@hocuspocus/common@3.4.4", "", { "dependencies": { "lib0": "^0.2.87" } }, "sha512-RykIJ0tsHHMP4Xk+4UCbc7SO5LgGxGUSTdbh6anJEsaALAyqinf1Nn5HYuMjLPolAmsar1v++m9zufR09NLpXA=="],

    "@hocuspocus/provider": ["@hocuspocus/provider@3.4.4", "", { "dependencies": { "@hocuspocus/common": "^3.4.4", "@lifeomic/attempt": "^3.0.2", "lib0": "^0.2.87", "ws": "^8.17.1" }, "peerDependencies": { "y-protocols": "^1.0.6", "yjs": "^13.6.8" } }, "sha512-KbsMAfdYcIJD8eMU/5QnpXcSOvIWAcCNI33FSRSaKCIpYBFtAwkYIwWnZJmPZ8a1BMAtqQc+uvy9+UQf7GHnGQ=="],

    "@hocuspocus/server": ["@hocuspocus/server@3.4.4", "", { "dependencies": { "@hocuspocus/common": "^3.4.4", "async-lock": "^1.3.1", "async-mutex": "^0.5.0", "kleur": "^4.1.4", "lib0": "^0.2.47", "ws": "^8.5.0" }, "peerDependencies": { "y-protocols": "^1.0.6", "yjs": "^13.6.8" } }, "sha512-UV+oaONAejOzeYgUygNcgsc8RdZvSokVvAxluZJIisLACpRO/VsseQ5lWKDRwLd7Fn6+rHWDH3hGuQ1fdX1Ycg=="],

    "@lifeomic/attempt": ["@lifeomic/attempt@3.1.0", "", {}, "sha512-QZqem4QuAnAyzfz+Gj5/+SLxqwCAw2qmt7732ZXodr6VDWGeYLG6w1i/vYLa55JQM9wRuBKLmXmiZ2P0LtE5rw=="],

    "@types/bun": ["@types/bun@1.3.10", "", { "dependencies": { "bun-types": "1.3.10" } }, "sha512-0+rlrUrOrTSskibryHbvQkDOWRJwJZqZlxrUs1u4oOoTln8+WIXBPmAuCF35SWB2z4Zl3E84Nl/D0P7803nigQ=="],

    "@types/node": ["@types/node@25.3.5", "", { "dependencies": { "undici-types": "~7.18.0" } }, "sha512-oX8xrhvpiyRCQkG1MFchB09f+cXftgIXb3a7UUa4Y3wpmZPw5tyZGTLWhlESOLq1Rq6oDlc8npVU2/9xiCuXMA=="],

    "async-lock": ["async-lock@1.4.1", "", {}, "sha512-Az2ZTpuytrtqENulXwO3GGv1Bztugx6TT37NIo7imr/Qo0gsYiGtSdBa2B6fsXhTpVZDNfu1Qn3pk531e3q+nQ=="],

    "async-mutex": ["async-mutex@0.5.0", "", { "dependencies": { "tslib": "^2.4.0" } }, "sha512-1A94B18jkJ3DYq284ohPxoXbfTA5HsQ7/Mf4DEhcyLx3Bz27Rh59iScbB6EPiP+B+joue6YCxcMXSbFC1tZKwA=="],

    "bun-types": ["bun-types@1.3.10", "", { "dependencies": { "@types/node": "*" } }, "sha512-tcpfCCl6XWo6nCVnpcVrxQ+9AYN1iqMIzgrSKYMB/fjLtV2eyAVEg7AxQJuCq/26R6HpKWykQXuSOq/21RYcbg=="],

    "husky": ["husky@9.1.7", "", { "bin": { "husky": "bin.js" } }, "sha512-5gs5ytaNjBrh5Ow3zrvdUUY+0VxIuWVL4i9irt6friV+BqdCfmV11CQTWMiBYWHbXhco+J1kHfTOUkePhCDvMA=="],

    "isomorphic.js": ["isomorphic.js@0.2.5", "", {}, "sha512-PIeMbHqMt4DnUP3MA/Flc0HElYjMXArsw1qwJZcm9sqR8mq3l8NYizFMty0pWwE/tzIGH3EKK5+jes5mAr85yw=="],

    "kleur": ["kleur@4.1.5", "", {}, "sha512-o+NO+8WrRiQEE4/7nwRJhN1HWpVmJm511pBHUxPLtp0BUISzlBplORYSmTclCnJvQq2tKu/sgl3xVpkc7ZWuQQ=="],

    "lib0": ["lib0@0.2.117", "", { "dependencies": { "isomorphic.js": "^0.2.4" }, "bin": { "0serve": "bin/0serve.js", "0gentesthtml": "bin/gentesthtml.js", "0ecdsa-generate-keypair": "bin/0ecdsa-generate-keypair.js" } }, "sha512-DeXj9X5xDCjgKLU/7RR+/HQEVzuuEUiwldwOGsHK/sfAfELGWEyTcf0x+uOvCvK3O2zPmZePXWL85vtia6GyZw=="],

    "tslib": ["tslib@2.8.1", "", {}, "sha512-oJFu94HQb+KVduSUQL7wnpmqnfmLsOA/nAh6b6EH0wCEoK0/mPeXU6c3wKDV83MkOuHPRHtSXKKU99IBazS/2w=="],

    "typescript": ["typescript@5.9.3", "", { "bin": { "tsc": "bin/tsc", "tsserver": "bin/tsserver" } }, "sha512-jl1vZzPDinLr9eUt3J/t7V6FgNEw9QjvBPdysz9KfQDD41fQrC2Y4vKQdiaUpFT4bXlb1RHhLpp8wtm6M5TgSw=="],

    "undici-types": ["undici-types@7.18.2", "", {}, "sha512-AsuCzffGHJybSaRrmr5eHr81mwJU3kjw6M+uprWvCXiNeN9SOGwQ3Jn8jb8m3Z6izVgknn1R0FTCEAP2QrLY/w=="],

    "valibot": ["valibot@1.2.0", "", { "peerDependencies": { "typescript": ">=5" }, "optionalPeers": ["typescript"] }, "sha512-mm1rxUsmOxzrwnX5arGS+U4T25RdvpPjPN4yR0u9pUBov9+zGVtO84tif1eY4r6zWxVxu3KzIyknJy3rxfRZZg=="],

    "ws": ["ws@8.19.0", "", { "peerDependencies": { "bufferutil": "^4.0.1", "utf-8-validate": ">=5.0.2" }, "optionalPeers": ["bufferutil", "utf-8-validate"] }, "sha512-blAT2mjOEIi0ZzruJfIhb3nps74PRWTCz1IjglWEEpQl5XS/UNama6u2/rjFkDDouqr4L67ry+1aGIALViWjDg=="],

    "y-protocols": ["y-protocols@1.0.7", "", { "dependencies": { "lib0": "^0.2.85" }, "peerDependencies": { "yjs": "^13.0.0" } }, "sha512-YSVsLoXxO67J6eE/nV4AtFtT3QEotZf5sK5BHxFBXso7VDUT3Tx07IfA6hsu5Q5OmBdMkQVmFZ9QOA7fikWvnw=="],

    "yjs": ["yjs@13.6.29", "", { "dependencies": { "lib0": "^0.2.99" } }, "sha512-kHqDPdltoXH+X4w1lVmMtddE3Oeqq48nM40FD5ojTd8xYhQpzIDcfE2keMSU5bAgRPJBe225WTUdyUgj1DtbiQ=="],
  }
}
